
Microsoft Visual Studio Solution File, Format Version 12.00
# Visual Studio Version 16
VisualStudioVersion = 16.0.30011.22
MinimumVisualStudioVersion = 15.0.26124.0
Project("{2150E333-8FDC-42A3-9474-1A3956D46DE8}") = "solution", "solution", "{1BF43269-0021-4040-8328-9F5C774C8E19}"
	ProjectSection(SolutionItems) = preProject
		.gitignore = .gitignore
		README.md = README.md
	EndProjectSection
EndProject
Project("{2150E333-8FDC-42A3-9474-1A3956D46DE8}") = "src", "src", "{725CF6CD-6486-4FB7-9EEE-59E66CE63837}"
EndProject
Project("{2150E333-8FDC-42A3-9474-1A3956D46DE8}") = "core", "core", "{18EA42E3-83F4-4BB8-8BF9-9037A273594D}"
EndProject
Project("{9A19103F-16F7-4668-BE54-9A1E7A4F7556}") = "Morse", "src\core\Morse\Morse.csproj", "{0841B8E8-1E57-472C-B6B3-00DC4D4CEB3A}"
EndProject
Project("{9A19103F-16F7-4668-BE54-9A1E7A4F7556}") = "Morse.Core", "src\core\Morse.Core\Morse.Core.csproj", "{BA5AE037-CE14-463B-8E80-2E13996C4104}"
EndProject
Project("{9A19103F-16F7-4668-BE54-9A1E7A4F7556}") = "Morse.Abstractions", "src\core\Morse.Abstractions\Morse.Abstractions.csproj", "{6ADBECC5-20A7-45D6-A533-5BBCC7CFD51C}"
EndProject
Project("{2150E333-8FDC-42A3-9474-1A3956D46DE8}") = "rabbitMq", "rabbitMq", "{AA668A6B-E053-4E2A-B908-130F78FC163A}"
EndProject
Project("{9A19103F-16F7-4668-BE54-9A1E7A4F7556}") = "Morse.RabbitMq", "src\rabbitMq\Morse.RabbitMq\Morse.RabbitMq.csproj", "{F033EE3E-AAC1-49D4-A203-EA538BB9785D}"
EndProject
Project("{2150E333-8FDC-42A3-9474-1A3956D46DE8}") = "test", "test", "{957D3640-F837-486E-BEAC-430B79AA9E15}"
EndProject
Project("{FAE04EC0-301F-11D3-BF4B-00C04F79EFBC}") = "Morse.Tests", "test\Morse.Tests\Morse.Tests.csproj", "{1E8D1EC1-67AD-477C-93D5-69C05B75D804}"
EndProject
Global
	GlobalSection(SolutionConfigurationPlatforms) = preSolution
		Debug|Any CPU = Debug|Any CPU
		Debug|x64 = Debug|x64
		Debug|x86 = Debug|x86
		Release|Any CPU = Release|Any CPU
		Release|x64 = Release|x64
		Release|x86 = Release|x86
	EndGlobalSection
	GlobalSection(ProjectConfigurationPlatforms) = postSolution
		{0841B8E8-1E57-472C-B6B3-00DC4D4CEB3A}.Debug|Any CPU.ActiveCfg = Debug|Any CPU
		{0841B8E8-1E57-472C-B6B3-00DC4D4CEB3A}.Debug|Any CPU.Build.0 = Debug|Any CPU
		{0841B8E8-1E57-472C-B6B3-00DC4D4CEB3A}.Debug|x64.ActiveCfg = Debug|Any CPU
		{0841B8E8-1E57-472C-B6B3-00DC4D4CEB3A}.Debug|x64.Build.0 = Debug|Any CPU
		{0841B8E8-1E57-472C-B6B3-00DC4D4CEB3A}.Debug|x86.ActiveCfg = Debug|Any CPU
		{0841B8E8-1E57-472C-B6B3-00DC4D4CEB3A}.Debug|x86.Build.0 = Debug|Any CPU
		{0841B8E8-1E57-472C-B6B3-00DC4D4CEB3A}.Release|Any CPU.ActiveCfg = Release|Any CPU
		{0841B8E8-1E57-472C-B6B3-00DC4D4CEB3A}.Release|Any CPU.Build.0 = Release|Any CPU
		{0841B8E8-1E57-472C-B6B3-00DC4D4CEB3A}.Release|x64.ActiveCfg = Release|Any CPU
		{0841B8E8-1E57-472C-B6B3-00DC4D4CEB3A}.Release|x64.Build.0 = Release|Any CPU
		{0841B8E8-1E57-472C-B6B3-00DC4D4CEB3A}.Release|x86.ActiveCfg = Release|Any CPU
		{0841B8E8-1E57-472C-B6B3-00DC4D4CEB3A}.Release|x86.Build.0 = Release|Any CPU
		{BA5AE037-CE14-463B-8E80-2E13996C4104}.Debug|Any CPU.ActiveCfg = Debug|Any CPU
		{BA5AE037-CE14-463B-8E80-2E13996C4104}.Debug|Any CPU.Build.0 = Debug|Any CPU
		{BA5AE037-CE14-463B-8E80-2E13996C4104}.Debug|x64.ActiveCfg = Debug|Any CPU
		{BA5AE037-CE14-463B-8E80-2E13996C4104}.Debug|x64.Build.0 = Debug|Any CPU
		{BA5AE037-CE14-463B-8E80-2E13996C4104}.Debug|x86.ActiveCfg = Debug|Any CPU
		{BA5AE037-CE14-463B-8E80-2E13996C4104}.Debug|x86.Build.0 = Debug|Any CPU
		{BA5AE037-CE14-463B-8E80-2E13996C4104}.Release|Any CPU.ActiveCfg = Release|Any CPU
		{BA5AE037-CE14-463B-8E80-2E13996C4104}.Release|Any CPU.Build.0 = Release|Any CPU
		{BA5AE037-CE14-463B-8E80-2E13996C4104}.Release|x64.ActiveCfg = Release|Any CPU
		{BA5AE037-CE14-463B-8E80-2E13996C4104}.Release|x64.Build.0 = Release|Any CPU
		{BA5AE037-CE14-463B-8E80-2E13996C4104}.Release|x86.ActiveCfg = Release|Any CPU
		{BA5AE037-CE14-463B-8E80-2E13996C4104}.Release|x86.Build.0 = Release|Any CPU
		{6ADBECC5-20A7-45D6-A533-5BBCC7CFD51C}.Debug|Any CPU.ActiveCfg = Debug|Any CPU
		{6ADBECC5-20A7-45D6-A533-5BBCC7CFD51C}.Debug|Any CPU.Build.0 = Debug|Any CPU
		{6ADBECC5-20A7-45D6-A533-5BBCC7CFD51C}.Debug|x64.ActiveCfg = Debug|Any CPU
		{6ADBECC5-20A7-45D6-A533-5BBCC7CFD51C}.Debug|x64.Build.0 = Debug|Any CPU
		{6ADBECC5-20A7-45D6-A533-5BBCC7CFD51C}.Debug|x86.ActiveCfg = Debug|Any CPU
		{6ADBECC5-20A7-45D6-A533-5BBCC7CFD51C}.Debug|x86.Build.0 = Debug|Any CPU
		{6ADBECC5-20A7-45D6-A533-5BBCC7CFD51C}.Release|Any CPU.ActiveCfg = Release|Any CPU
		{6ADBECC5-20A7-45D6-A533-5BBCC7CFD51C}.Release|Any CPU.Build.0 = Release|Any CPU
		{6ADBECC5-20A7-45D6-A533-5BBCC7CFD51C}.Release|x64.ActiveCfg = Release|Any CPU
		{6ADBECC5-20A7-45D6-A533-5BBCC7CFD51C}.Release|x64.Build.0 = Release|Any CPU
		{6ADBECC5-20A7-45D6-A533-5BBCC7CFD51C}.Release|x86.ActiveCfg = Release|Any CPU
		{6ADBECC5-20A7-45D6-A533-5BBCC7CFD51C}.Release|x86.Build.0 = Release|Any CPU
		{F033EE3E-AAC1-49D4-A203-EA538BB9785D}.Debug|Any CPU.ActiveCfg = Debug|Any CPU
		{F033EE3E-AAC1-49D4-A203-EA538BB9785D}.Debug|Any CPU.Build.0 = Debug|Any CPU
		{F033EE3E-AAC1-49D4-A203-EA538BB9785D}.Debug|x64.ActiveCfg = Debug|Any CPU
		{F033EE3E-AAC1-49D4-A203-EA538BB9785D}.Debug|x64.Build.0 = Debug|Any CPU
		{F033EE3E-AAC1-49D4-A203-EA538BB9785D}.Debug|x86.ActiveCfg = Debug|Any CPU
		{F033EE3E-AAC1-49D4-A203-EA538BB9785D}.Debug|x86.Build.0 = Debug|Any CPU
		{F033EE3E-AAC1-49D4-A203-EA538BB9785D}.Release|Any CPU.ActiveCfg = Release|Any CPU
		{F033EE3E-AAC1-49D4-A203-EA538BB9785D}.Release|Any CPU.Build.0 = Release|Any CPU
		{F033EE3E-AAC1-49D4-A203-EA538BB9785D}.Release|x64.ActiveCfg = Release|Any CPU
		{F033EE3E-AAC1-49D4-A203-EA538BB9785D}.Release|x64.Build.0 = Release|Any CPU
		{F033EE3E-AAC1-49D4-A203-EA538BB9785D}.Release|x86.ActiveCfg = Release|Any CPU
		{F033EE3E-AAC1-49D4-A203-EA538BB9785D}.Release|x86.Build.0 = Release|Any CPU
		{1E8D1EC1-67AD-477C-93D5-69C05B75D804}.Debug|Any CPU.ActiveCfg = Debug|Any CPU
		{1E8D1EC1-67AD-477C-93D5-69C05B75D804}.Debug|Any CPU.Build.0 = Debug|Any CPU
		{1E8D1EC1-67AD-477C-93D5-69C05B75D804}.Debug|x64.ActiveCfg = Debug|Any CPU
		{1E8D1EC1-67AD-477C-93D5-69C05B75D804}.Debug|x64.Build.0 = Debug|Any CPU
		{1E8D1EC1-67AD-477C-93D5-69C05B75D804}.Debug|x86.ActiveCfg = Debug|Any CPU
		{1E8D1EC1-67AD-477C-93D5-69C05B75D804}.Debug|x86.Build.0 = Debug|Any CPU
		{1E8D1EC1-67AD-477C-93D5-69C05B75D804}.Release|Any CPU.ActiveCfg = Release|Any CPU
		{1E8D1EC1-67AD-477C-93D5-69C05B75D804}.Release|Any CPU.Build.0 = Release|Any CPU
		{1E8D1EC1-67AD-477C-93D5-69C05B75D804}.Release|x64.ActiveCfg = Release|Any CPU
		{1E8D1EC1-67AD-477C-93D5-69C05B75D804}.Release|x64.Build.0 = Release|Any CPU
		{1E8D1EC1-67AD-477C-93D5-69C05B75D804}.Release|x86.ActiveCfg = Release|Any CPU
		{1E8D1EC1-67AD-477C-93D5-69C05B75D804}.Release|x86.Build.0 = Release|Any CPU
	EndGlobalSection
	GlobalSection(SolutionProperties) = preSolution
		HideSolutionNode = FALSE
	EndGlobalSection
	GlobalSection(NestedProjects) = preSolution
		{18EA42E3-83F4-4BB8-8BF9-9037A273594D} = {725CF6CD-6486-4FB7-9EEE-59E66CE63837}
		{0841B8E8-1E57-472C-B6B3-00DC4D4CEB3A} = {18EA42E3-83F4-4BB8-8BF9-9037A273594D}
		{BA5AE037-CE14-463B-8E80-2E13996C4104} = {18EA42E3-83F4-4BB8-8BF9-9037A273594D}
		{6ADBECC5-20A7-45D6-A533-5BBCC7CFD51C} = {18EA42E3-83F4-4BB8-8BF9-9037A273594D}
		{AA668A6B-E053-4E2A-B908-130F78FC163A} = {725CF6CD-6486-4FB7-9EEE-59E66CE63837}
		{F033EE3E-AAC1-49D4-A203-EA538BB9785D} = {AA668A6B-E053-4E2A-B908-130F78FC163A}
		{1E8D1EC1-67AD-477C-93D5-69C05B75D804} = {957D3640-F837-486E-BEAC-430B79AA9E15}
	EndGlobalSection
	GlobalSection(ExtensibilityGlobals) = postSolution
		SolutionGuid = {44C6C060-93AC-47DD-88FC-50A0C6A250E5}
	EndGlobalSection
EndGlobal
